
Microsoft Visual Studio Solution File, Format Version 12.00
# Visual Studio Version 17
VisualStudioVersion = 17.12.35527.113
MinimumVisualStudioVersion = 10.0.40219.1
Project("{FAE04EC0-301F-11D3-BF4B-00C04F79EFBC}") = "InfraLib", "InfraLib.csproj", "{4392286F-C765-49E6-8A8A-F96E2FBB28D7}"
EndProject
Project("{2150E333-8FDC-42A3-9474-1A3956D46DE8}") = "src", "src", "{1D533434-6E9E-49FE-AC0E-6A1A5C8DFAE7}"
EndProject
Global
	GlobalSection(SolutionConfigurationPlatforms) = preSolution
		Debug|Any CPU = Debug|Any CPU
		Release|Any CPU = Release|Any CPU
	EndGlobalSection
	GlobalSection(ProjectConfigurationPlatforms) = postSolution
		{4392286F-C765-49E6-8A8A-F96E2FBB28D7}.Debug|Any CPU.ActiveCfg = Debug|Any CPU
		{4392286F-C765-49E6-8A8A-F96E2FBB28D7}.Debug|Any CPU.Build.0 = Debug|Any CPU
		{4392286F-C765-49E6-8A8A-F96E2FBB28D7}.Release|Any CPU.ActiveCfg = Release|Any CPU
		{4392286F-C765-49E6-8A8A-F96E2FBB28D7}.Release|Any CPU.Build.0 = Release|Any CPU
	EndGlobalSection
	GlobalSection(SolutionProperties) = preSolution
		HideSolutionNode = FALSE
	EndGlobalSection
	GlobalSection(NestedProjects) = preSolution
		{4392286F-C765-49E6-8A8A-F96E2FBB28D7} = {1D533434-6E9E-49FE-AC0E-6A1A5C8DFAE7}
	EndGlobalSection
EndGlobal
